
Microsoft Visual Studio Solution File, Format Version 12.00
# Visual Studio Version 16
VisualStudioVersion = 16.0.29201.188
MinimumVisualStudioVersion = 10.0.40219.1
Project("{FAE04EC0-301F-11D3-BF4B-00C04F79EFBC}") = "ControlesDeUsuario", "ControlesDeUsuario\ControlesDeUsuario.csproj", "{74FCE64C-C7D6-484C-9DA3-71F69682C5E8}"
EndProject
Global
	GlobalSection(SolutionConfigurationPlatforms) = preSolution
		Debug|Any CPU = Debug|Any CPU
		Release|Any CPU = Release|Any CPU
	EndGlobalSection
	GlobalSection(ProjectConfigurationPlatforms) = postSolution
		{74FCE64C-C7D6-484C-9DA3-71F69682C5E8}.Debug|Any CPU.ActiveCfg = Debug|Any CPU
		{74FCE64C-C7D6-484C-9DA3-71F69682C5E8}.Debug|Any CPU.Build.0 = Debug|Any CPU
		{74FCE64C-C7D6-484C-9DA3-71F69682C5E8}.Release|Any CPU.ActiveCfg = Release|Any CPU
		{74FCE64C-C7D6-484C-9DA3-71F69682C5E8}.Release|Any CPU.Build.0 = Release|Any CPU
	EndGlobalSection
	GlobalSection(SolutionProperties) = preSolution
		HideSolutionNode = FALSE
	EndGlobalSection
	GlobalSection(ExtensibilityGlobals) = postSolution
		SolutionGuid = {F988A13D-450E-401E-B123-91491C72E58F}
	EndGlobalSection
EndGlobal
